// !$*UTF8*$!
{
	archiveVersion = 1;
	classes = {
	};
	objectVersion = 50;
	objects = {

/* Begin PBXBuildFile section */
		A2172687262331DD007AA2C8 /* CommutationCell.swift in Sources */ = {isa = PBXBuildFile; fileRef = A2172686262331DD007AA2C8 /* CommutationCell.swift */; };
		A217268A26235605007AA2C8 /* CommutationModel.swift in Sources */ = {isa = PBXBuildFile; fileRef = A217268926235605007AA2C8 /* CommutationModel.swift */; };
		A27C577D261F3DE80067A627 /* ManHoursVC.swift in Sources */ = {isa = PBXBuildFile; fileRef = A27C577C261F3DE80067A627 /* ManHoursVC.swift */; };
		A2E3F7AB261EF6A50081206E /* AppDelegate.swift in Sources */ = {isa = PBXBuildFile; fileRef = A2E3F7AA261EF6A50081206E /* AppDelegate.swift */; };
		A2E3F7AD261EF6A50081206E /* SceneDelegate.swift in Sources */ = {isa = PBXBuildFile; fileRef = A2E3F7AC261EF6A50081206E /* SceneDelegate.swift */; };
		A2E3F7AF261EF6A50081206E /* ConverterVC.swift in Sources */ = {isa = PBXBuildFile; fileRef = A2E3F7AE261EF6A50081206E /* ConverterVC.swift */; };
		A2E3F7B2261EF6A50081206E /* Main.storyboard in Resources */ = {isa = PBXBuildFile; fileRef = A2E3F7B0261EF6A50081206E /* Main.storyboard */; };
		A2E3F7B4261EF6A60081206E /* Assets.xcassets in Resources */ = {isa = PBXBuildFile; fileRef = A2E3F7B3261EF6A60081206E /* Assets.xcassets */; };
		A2E3F7B7261EF6A60081206E /* LaunchScreen.storyboard in Resources */ = {isa = PBXBuildFile; fileRef = A2E3F7B5261EF6A60081206E /* LaunchScreen.storyboard */; };
		A2E3F7C4261EFAD30081206E /* CalculatorVC.swift in Sources */ = {isa = PBXBuildFile; fileRef = A2E3F7C3261EFAD30081206E /* CalculatorVC.swift */; };
		A2EA3A7D2622E41100C05B40 /* CommutationVC.swift in Sources */ = {isa = PBXBuildFile; fileRef = A2EA3A7C2622E41100C05B40 /* CommutationVC.swift */; };
/* End PBXBuildFile section */

/* Begin PBXFileReference section */
		A2172686262331DD007AA2C8 /* CommutationCell.swift */ = {isa = PBXFileReference; lastKnownFileType = sourcecode.swift; path = CommutationCell.swift; sourceTree = "<group>"; };
		A217268926235605007AA2C8 /* CommutationModel.swift */ = {isa = PBXFileReference; lastKnownFileType = sourcecode.swift; path = CommutationModel.swift; sourceTree = "<group>"; };
		A27C577C261F3DE80067A627 /* ManHoursVC.swift */ = {isa = PBXFileReference; lastKnownFileType = sourcecode.swift; path = ManHoursVC.swift; sourceTree = "<group>"; };
		A2E3F7A7261EF6A50081206E /* DCEngineerAssistant.app */ = {isa = PBXFileReference; explicitFileType = wrapper.application; includeInIndex = 0; path = DCEngineerAssistant.app; sourceTree = BUILT_PRODUCTS_DIR; };
		A2E3F7AA261EF6A50081206E /* AppDelegate.swift */ = {isa = PBXFileReference; lastKnownFileType = sourcecode.swift; path = AppDelegate.swift; sourceTree = "<group>"; };
		A2E3F7AC261EF6A50081206E /* SceneDelegate.swift */ = {isa = PBXFileReference; lastKnownFileType = sourcecode.swift; path = SceneDelegate.swift; sourceTree = "<group>"; };
		A2E3F7AE261EF6A50081206E /* ConverterVC.swift */ = {isa = PBXFileReference; lastKnownFileType = sourcecode.swift; path = ConverterVC.swift; sourceTree = "<group>"; };
		A2E3F7B1261EF6A50081206E /* Base */ = {isa = PBXFileReference; lastKnownFileType = file.storyboard; name = Base; path = Base.lproj/Main.storyboard; sourceTree = "<group>"; };
		A2E3F7B3261EF6A60081206E /* Assets.xcassets */ = {isa = PBXFileReference; lastKnownFileType = folder.assetcatalog; path = Assets.xcassets; sourceTree = "<group>"; };
		A2E3F7B6261EF6A60081206E /* Base */ = {isa = PBXFileReference; lastKnownFileType = file.storyboard; name = Base; path = Base.lproj/LaunchScreen.storyboard; sourceTree = "<group>"; };
		A2E3F7B8261EF6A60081206E /* Info.plist */ = {isa = PBXFileReference; lastKnownFileType = text.plist.xml; path = Info.plist; sourceTree = "<group>"; };
		A2E3F7C3261EFAD30081206E /* CalculatorVC.swift */ = {isa = PBXFileReference; lastKnownFileType = sourcecode.swift; path = CalculatorVC.swift; sourceTree = "<group>"; };
		A2EA3A7C2622E41100C05B40 /* CommutationVC.swift */ = {isa = PBXFileReference; lastKnownFileType = sourcecode.swift; path = CommutationVC.swift; sourceTree = "<group>"; };
/* End PBXFileReference section */

/* Begin PBXFrameworksBuildPhase section */
		A2E3F7A4261EF6A50081206E /* Frameworks */ = {
			isa = PBXFrameworksBuildPhase;
			buildActionMask = 2147483647;
			files = (
			);
			runOnlyForDeploymentPostprocessing = 0;
		};
/* End PBXFrameworksBuildPhase section */

/* Begin PBXGroup section */
		A2E3F79E261EF6A50081206E = {
			isa = PBXGroup;
			children = (
				A2E3F7A9261EF6A50081206E /* DCEngineerAssistant */,
				A2E3F7A8261EF6A50081206E /* Products */,
			);
			sourceTree = "<group>";
		};
		A2E3F7A8261EF6A50081206E /* Products */ = {
			isa = PBXGroup;
			children = (
				A2E3F7A7261EF6A50081206E /* DCEngineerAssistant.app */,
			);
			name = Products;
			sourceTree = "<group>";
		};
		A2E3F7A9261EF6A50081206E /* DCEngineerAssistant */ = {
			isa = PBXGroup;
			children = (
				A2E3F7AA261EF6A50081206E /* AppDelegate.swift */,
				A2E3F7AC261EF6A50081206E /* SceneDelegate.swift */,
				A2E3F7AE261EF6A50081206E /* ConverterVC.swift */,
				A27C577C261F3DE80067A627 /* ManHoursVC.swift */,
				A2E3F7C3261EFAD30081206E /* CalculatorVC.swift */,
				A2EA3A7C2622E41100C05B40 /* CommutationVC.swift */,
				A2172686262331DD007AA2C8 /* CommutationCell.swift */,
				A217268926235605007AA2C8 /* CommutationModel.swift */,
				A2E3F7B0261EF6A50081206E /* Main.storyboard */,
				A2E3F7B3261EF6A60081206E /* Assets.xcassets */,
				A2E3F7B5261EF6A60081206E /* LaunchScreen.storyboard */,
				A2E3F7B8261EF6A60081206E /* Info.plist */,
			);
			path = DCEngineerAssistant;
			sourceTree = "<group>";
		};
/* End PBXGroup section */

/* Begin PBXNativeTarget section */
		A2E3F7A6261EF6A50081206E /* DCEngineerAssistant */ = {
			isa = PBXNativeTarget;
			buildConfigurationList = A2E3F7BB261EF6A60081206E /* Build configuration list for PBXNativeTarget "DCEngineerAssistant" */;
			buildPhases = (
				A2E3F7A3261EF6A50081206E /* Sources */,
				A2E3F7A4261EF6A50081206E /* Frameworks */,
				A2E3F7A5261EF6A50081206E /* Resources */,
			);
			buildRules = (
			);
			dependencies = (
			);
			name = DCEngineerAssistant;
			productName = DCEngineerAssistant;
			productReference = A2E3F7A7261EF6A50081206E /* DCEngineerAssistant.app */;
			productType = "com.apple.product-type.application";
		};
/* End PBXNativeTarget section */

/* Begin PBXProject section */
		A2E3F79F261EF6A50081206E /* Project object */ = {
			isa = PBXProject;
			attributes = {
				LastSwiftUpdateCheck = 1240;
				LastUpgradeCheck = 1240;
				TargetAttributes = {
					A2E3F7A6261EF6A50081206E = {
						CreatedOnToolsVersion = 12.4;
					};
				};
			};
			buildConfigurationList = A2E3F7A2261EF6A50081206E /* Build configuration list for PBXProject "DCEngineerAssistant" */;
			compatibilityVersion = "Xcode 9.3";
			developmentRegion = en;
			hasScannedForEncodings = 0;
			knownRegions = (
				en,
				Base,
			);
			mainGroup = A2E3F79E261EF6A50081206E;
			productRefGroup = A2E3F7A8261EF6A50081206E /* Products */;
			projectDirPath = "";
			projectRoot = "";
			targets = (
				A2E3F7A6261EF6A50081206E /* DCEngineerAssistant */,
			);
		};
/* End PBXProject section */

/* Begin PBXResourcesBuildPhase section */
		A2E3F7A5261EF6A50081206E /* Resources */ = {
			isa = PBXResourcesBuildPhase;
			buildActionMask = 2147483647;
			files = (
				A2E3F7B7261EF6A60081206E /* LaunchScreen.storyboard in Resources */,
				A2E3F7B4261EF6A60081206E /* Assets.xcassets in Resources */,
				A2E3F7B2261EF6A50081206E /* Main.storyboard in Resources */,
			);
			runOnlyForDeploymentPostprocessing = 0;
		};
/* End PBXResourcesBuildPhase section */

/* Begin PBXSourcesBuildPhase section */
		A2E3F7A3261EF6A50081206E /* Sources */ = {
			isa = PBXSourcesBuildPhase;
			buildActionMask = 2147483647;
			files = (
				A2E3F7C4261EFAD30081206E /* CalculatorVC.swift in Sources */,
				A27C577D261F3DE80067A627 /* ManHoursVC.swift in Sources */,
				A217268A26235605007AA2C8 /* CommutationModel.swift in Sources */,
				A2E3F7AF261EF6A50081206E /* ConverterVC.swift in Sources */,
				A2172687262331DD007AA2C8 /* CommutationCell.swift in Sources */,
				A2EA3A7D2622E41100C05B40 /* CommutationVC.swift in Sources */,
				A2E3F7AB261EF6A50081206E /* AppDelegate.swift in Sources */,
				A2E3F7AD261EF6A50081206E /* SceneDelegate.swift in Sources */,
			);
			runOnlyForDeploymentPostprocessing = 0;
		};
/* End PBXSourcesBuildPhase section */

/* Begin PBXVariantGroup section */
		A2E3F7B0261EF6A50081206E /* Main.storyboard */ = {
			isa = PBXVariantGroup;
			children = (
				A2E3F7B1261EF6A50081206E /* Base */,
			);
			name = Main.storyboard;
			sourceTree = "<group>";
		};
		A2E3F7B5261EF6A60081206E /* LaunchScreen.storyboard */ = {
			isa = PBXVariantGroup;
			children = (
				A2E3F7B6261EF6A60081206E /* Base */,
			);
			name = LaunchScreen.storyboard;
			sourceTree = "<group>";
		};
/* End PBXVariantGroup section */

/* Begin XCBuildConfiguration section */
		A2E3F7B9261EF6A60081206E /* Debug */ = {
			isa = XCBuildConfiguration;
			buildSettings = {
				ALWAYS_SEARCH_USER_PATHS = NO;
				CLANG_ANALYZER_NONNULL = YES;
				CLANG_ANALYZER_NUMBER_OBJECT_CONVERSION = YES_AGGRESSIVE;
				CLANG_CXX_LANGUAGE_STANDARD = "gnu++14";
				CLANG_CXX_LIBRARY = "libc++";
				CLANG_ENABLE_MODULES = YES;
				CLANG_ENABLE_OBJC_ARC = YES;
				CLANG_ENABLE_OBJC_WEAK = YES;
				CLANG_WARN_BLOCK_CAPTURE_AUTORELEASING = YES;
				CLANG_WARN_BOOL_CONVERSION = YES;
				CLANG_WARN_COMMA = YES;
				CLANG_WARN_CONSTANT_CONVERSION = YES;
				CLANG_WARN_DEPRECATED_OBJC_IMPLEMENTATIONS = YES;
				CLANG_WARN_DIRECT_OBJC_ISA_USAGE = YES_ERROR;
				CLANG_WARN_DOCUMENTATION_COMMENTS = YES;
				CLANG_WARN_EMPTY_BODY = YES;
				CLANG_WARN_ENUM_CONVERSION = YES;
				CLANG_WARN_INFINITE_RECURSION = YES;
				CLANG_WARN_INT_CONVERSION = YES;
				CLANG_WARN_NON_LITERAL_NULL_CONVERSION = YES;
				CLANG_WARN_OBJC_IMPLICIT_RETAIN_SELF = YES;
				CLANG_WARN_OBJC_LITERAL_CONVERSION = YES;
				CLANG_WARN_OBJC_ROOT_CLASS = YES_ERROR;
				CLANG_WARN_QUOTED_INCLUDE_IN_FRAMEWORK_HEADER = YES;
				CLANG_WARN_RANGE_LOOP_ANALYSIS = YES;
				CLANG_WARN_STRICT_PROTOTYPES = YES;
				CLANG_WARN_SUSPICIOUS_MOVE = YES;
				CLANG_WARN_UNGUARDED_AVAILABILITY = YES_AGGRESSIVE;
				CLANG_WARN_UNREACHABLE_CODE = YES;
				CLANG_WARN__DUPLICATE_METHOD_MATCH = YES;
				COPY_PHASE_STRIP = NO;
				DEBUG_INFORMATION_FORMAT = dwarf;
				ENABLE_STRICT_OBJC_MSGSEND = YES;
				ENABLE_TESTABILITY = YES;
				GCC_C_LANGUAGE_STANDARD = gnu11;
				GCC_DYNAMIC_NO_PIC = NO;
				GCC_NO_COMMON_BLOCKS = YES;
				GCC_OPTIMIZATION_LEVEL = 0;
				GCC_PREPROCESSOR_DEFINITIONS = (
					"DEBUG=1",
					"$(inherited)",
				);
				GCC_WARN_64_TO_32_BIT_CONVERSION = YES;
				GCC_WARN_ABOUT_RETURN_TYPE = YES_ERROR;
				GCC_WARN_UNDECLARED_SELECTOR = YES;
				GCC_WARN_UNINITIALIZED_AUTOS = YES_AGGRESSIVE;
				GCC_WARN_UNUSED_FUNCTION = YES;
				GCC_WARN_UNUSED_VARIABLE = YES;
				IPHONEOS_DEPLOYMENT_TARGET = 14.4;
				MTL_ENABLE_DEBUG_INFO = INCLUDE_SOURCE;
				MTL_FAST_MATH = YES;
				ONLY_ACTIVE_ARCH = YES;
				SDKROOT = iphoneos;
				SWIFT_ACTIVE_COMPILATION_CONDITIONS = DEBUG;
				SWIFT_OPTIMIZATION_LEVEL = "-Onone";
			};
			name = Debug;
		};
		A2E3F7BA261EF6A60081206E /* Release */ = {
			isa = XCBuildConfiguration;
			buildSettings = {
				ALWAYS_SEARCH_USER_PATHS = NO;
				CLANG_ANALYZER_NONNULL = YES;
				CLANG_ANALYZER_NUMBER_OBJECT_CONVERSION = YES_AGGRESSIVE;
				CLANG_CXX_LANGUAGE_STANDARD = "gnu++14";
				CLANG_CXX_LIBRARY = "libc++";
				CLANG_ENABLE_MODULES = YES;
				CLANG_ENABLE_OBJC_ARC = YES;
				CLANG_ENABLE_OBJC_WEAK = YES;
				CLANG_WARN_BLOCK_CAPTURE_AUTORELEASING = YES;
				CLANG_WARN_BOOL_CONVERSION = YES;
				CLANG_WARN_COMMA = YES;
				CLANG_WARN_CONSTANT_CONVERSION = YES;
				CLANG_WARN_DEPRECATED_OBJC_IMPLEMENTATIONS = YES;
				CLANG_WARN_DIRECT_OBJC_ISA_USAGE = YES_ERROR;
				CLANG_WARN_DOCUMENTATION_COMMENTS = YES;
				CLANG_WARN_EMPTY_BODY = YES;
				CLANG_WARN_ENUM_CONVERSION = YES;
				CLANG_WARN_INFINITE_RECURSION = YES;
				CLANG_WARN_INT_CONVERSION = YES;
				CLANG_WARN_NON_LITERAL_NULL_CONVERSION = YES;
				CLANG_WARN_OBJC_IMPLICIT_RETAIN_SELF = YES;
				CLANG_WARN_OBJC_LITERAL_CONVERSION = YES;
				CLANG_WARN_OBJC_ROOT_CLASS = YES_ERROR;
				CLANG_WARN_QUOTED_INCLUDE_IN_FRAMEWORK_HEADER = YES;
				CLANG_WARN_RANGE_LOOP_ANALYSIS = YES;
				CLANG_WARN_STRICT_PROTOTYPES = YES;
				CLANG_WARN_SUSPICIOUS_MOVE = YES;
				CLANG_WARN_UNGUARDED_AVAILABILITY = YES_AGGRESSIVE;
				CLANG_WARN_UNREACHABLE_CODE = YES;
				CLANG_WARN__DUPLICATE_METHOD_MATCH = YES;
				COPY_PHASE_STRIP = NO;
				DEBUG_INFORMATION_FORMAT = "dwarf-with-dsym";
				ENABLE_NS_ASSERTIONS = NO;
				ENABLE_STRICT_OBJC_MSGSEND = YES;
				GCC_C_LANGUAGE_STANDARD = gnu11;
				GCC_NO_COMMON_BLOCKS = YES;
				GCC_WARN_64_TO_32_BIT_CONVERSION = YES;
				GCC_WARN_ABOUT_RETURN_TYPE = YES_ERROR;
				GCC_WARN_UNDECLARED_SELECTOR = YES;
				GCC_WARN_UNINITIALIZED_AUTOS = YES_AGGRESSIVE;
				GCC_WARN_UNUSED_FUNCTION = YES;
				GCC_WARN_UNUSED_VARIABLE = YES;
				IPHONEOS_DEPLOYMENT_TARGET = 14.4;
				MTL_ENABLE_DEBUG_INFO = NO;
				MTL_FAST_MATH = YES;
				SDKROOT = iphoneos;
				SWIFT_COMPILATION_MODE = wholemodule;
				SWIFT_OPTIMIZATION_LEVEL = "-O";
				VALIDATE_PRODUCT = YES;
			};
			name = Release;
		};
		A2E3F7BC261EF6A60081206E /* Debug */ = {
			isa = XCBuildConfiguration;
			buildSettings = {
				ASSETCATALOG_COMPILER_APPICON_NAME = AppIcon;
				ASSETCATALOG_COMPILER_GLOBAL_ACCENT_COLOR_NAME = AccentColor;
				CODE_SIGN_STYLE = Automatic;
				DEVELOPMENT_TEAM = U3JHK4U826;
				INFOPLIST_FILE = DCEngineerAssistant/Info.plist;
				LD_RUNPATH_SEARCH_PATHS = (
					"$(inherited)",
					"@executable_path/Frameworks",
				);
				PRODUCT_BUNDLE_IDENTIFIER = YeoCompany.DCEngineerAssistant;
				PRODUCT_NAME = "$(TARGET_NAME)";
				SWIFT_VERSION = 5.0;
				TARGETED_DEVICE_FAMILY = 1;
			};
			name = Debug;
		};
		A2E3F7BD261EF6A60081206E /* Release */ = {
			isa = XCBuildConfiguration;
			buildSettings = {
				ASSETCATALOG_COMPILER_APPICON_NAME = AppIcon;
				ASSETCATALOG_COMPILER_GLOBAL_ACCENT_COLOR_NAME = AccentColor;
				CODE_SIGN_STYLE = Automatic;
				DEVELOPMENT_TEAM = U3JHK4U826;
				INFOPLIST_FILE = DCEngineerAssistant/Info.plist;
				LD_RUNPATH_SEARCH_PATHS = (
					"$(inherited)",
					"@executable_path/Frameworks",
				);
				PRODUCT_BUNDLE_IDENTIFIER = YeoCompany.DCEngineerAssistant;
				PRODUCT_NAME = "$(TARGET_NAME)";
				SWIFT_VERSION = 5.0;
				TARGETED_DEVICE_FAMILY = 1;
			};
			name = Release;
		};
/* End XCBuildConfiguration section */

/* Begin XCConfigurationList section */
		A2E3F7A2261EF6A50081206E /* Build configuration list for PBXProject "DCEngineerAssistant" */ = {
			isa = XCConfigurationList;
			buildConfigurations = (
				A2E3F7B9261EF6A60081206E /* Debug */,
				A2E3F7BA261EF6A60081206E /* Release */,
			);
			defaultConfigurationIsVisible = 0;
			defaultConfigurationName = Release;
		};
		A2E3F7BB261EF6A60081206E /* Build configuration list for PBXNativeTarget "DCEngineerAssistant" */ = {
			isa = XCConfigurationList;
			buildConfigurations = (
				A2E3F7BC261EF6A60081206E /* Debug */,
				A2E3F7BD261EF6A60081206E /* Release */,
			);
			defaultConfigurationIsVisible = 0;
			defaultConfigurationName = Release;
		};
/* End XCConfigurationList section */
	};
	rootObject = A2E3F79F261EF6A50081206E /* Project object */;
}
